
Microsoft Visual Studio Solution File, Format Version 12.00
# Visual Studio Version 16
VisualStudioVersion = 16.0.29418.71
MinimumVisualStudioVersion = 10.0.40219.1
Project("{FAE04EC0-301F-11D3-BF4B-00C04F79EFBC}") = "MyMailSender", "MyMailSender\MyMailSender.csproj", "{DB0293AC-0643-4BA1-AD09-19EBC284FBD3}"
EndProject
Project("{2150E333-8FDC-42A3-9474-1A3956D46DE8}") = "TestData", "TestData", "{0CF61F7B-DC8E-4142-A32B-53013D6C2F0E}"
	ProjectSection(SolutionItems) = preProject
		dbCreationReadme.txt = dbCreationReadme.txt
		TestData.cs = TestData.cs
	EndProjectSection
EndProject
Project("{FAE04EC0-301F-11D3-BF4B-00C04F79EFBC}") = "MailSender.lib", "MailSender\MailSender.lib.csproj", "{7CEACA5F-19EB-446C-B5C7-60F49E73B744}"
EndProject
Project("{FAE04EC0-301F-11D3-BF4B-00C04F79EFBC}") = "RAEDToolBar", "RAEDToolBar\RAEDToolBar.csproj", "{724CCB6C-7A38-4441-8C67-6A8F8751D158}"
EndProject
Project("{FAE04EC0-301F-11D3-BF4B-00C04F79EFBC}") = "EmailSendServiceDLL", "EmailSendServiceDLL\EmailSendServiceDLL.csproj", "{AD22950C-E2F5-44B0-B0E9-DCAC1E0E215C}"
EndProject
Project("{FAE04EC0-301F-11D3-BF4B-00C04F79EFBC}") = "Lesson_5", "Lesson_5\Lesson_5.csproj", "{50DAA545-2B38-47EC-8EB4-60FF5B4CC1F8}"
EndProject
Project("{FAE04EC0-301F-11D3-BF4B-00C04F79EFBC}") = "TestConsoleProject", "TestConsoleProject\TestConsoleProject.csproj", "{FDC3FE47-EE0B-4E3E-BD8F-916A4BF5885D}"
EndProject
Project("{FAE04EC0-301F-11D3-BF4B-00C04F79EFBC}") = "Lesson_6", "Lesson_6\Lesson_6.csproj", "{5153797B-EAB1-44A7-B64C-B6270D5A6D9C}"
EndProject
Global
	GlobalSection(SolutionConfigurationPlatforms) = preSolution
		Debug|Any CPU = Debug|Any CPU
		Release|Any CPU = Release|Any CPU
	EndGlobalSection
	GlobalSection(ProjectConfigurationPlatforms) = postSolution
		{DB0293AC-0643-4BA1-AD09-19EBC284FBD3}.Debug|Any CPU.ActiveCfg = Debug|Any CPU
		{DB0293AC-0643-4BA1-AD09-19EBC284FBD3}.Debug|Any CPU.Build.0 = Debug|Any CPU
		{DB0293AC-0643-4BA1-AD09-19EBC284FBD3}.Release|Any CPU.ActiveCfg = Release|Any CPU
		{DB0293AC-0643-4BA1-AD09-19EBC284FBD3}.Release|Any CPU.Build.0 = Release|Any CPU
		{7CEACA5F-19EB-446C-B5C7-60F49E73B744}.Debug|Any CPU.ActiveCfg = Debug|Any CPU
		{7CEACA5F-19EB-446C-B5C7-60F49E73B744}.Debug|Any CPU.Build.0 = Debug|Any CPU
		{7CEACA5F-19EB-446C-B5C7-60F49E73B744}.Release|Any CPU.ActiveCfg = Release|Any CPU
		{7CEACA5F-19EB-446C-B5C7-60F49E73B744}.Release|Any CPU.Build.0 = Release|Any CPU
		{724CCB6C-7A38-4441-8C67-6A8F8751D158}.Debug|Any CPU.ActiveCfg = Debug|Any CPU
		{724CCB6C-7A38-4441-8C67-6A8F8751D158}.Debug|Any CPU.Build.0 = Debug|Any CPU
		{724CCB6C-7A38-4441-8C67-6A8F8751D158}.Release|Any CPU.ActiveCfg = Release|Any CPU
		{724CCB6C-7A38-4441-8C67-6A8F8751D158}.Release|Any CPU.Build.0 = Release|Any CPU
		{AD22950C-E2F5-44B0-B0E9-DCAC1E0E215C}.Debug|Any CPU.ActiveCfg = Debug|Any CPU
		{AD22950C-E2F5-44B0-B0E9-DCAC1E0E215C}.Debug|Any CPU.Build.0 = Debug|Any CPU
		{AD22950C-E2F5-44B0-B0E9-DCAC1E0E215C}.Release|Any CPU.ActiveCfg = Release|Any CPU
		{AD22950C-E2F5-44B0-B0E9-DCAC1E0E215C}.Release|Any CPU.Build.0 = Release|Any CPU
		{50DAA545-2B38-47EC-8EB4-60FF5B4CC1F8}.Debug|Any CPU.ActiveCfg = Debug|Any CPU
		{50DAA545-2B38-47EC-8EB4-60FF5B4CC1F8}.Debug|Any CPU.Build.0 = Debug|Any CPU
		{50DAA545-2B38-47EC-8EB4-60FF5B4CC1F8}.Release|Any CPU.ActiveCfg = Release|Any CPU
		{50DAA545-2B38-47EC-8EB4-60FF5B4CC1F8}.Release|Any CPU.Build.0 = Release|Any CPU
		{FDC3FE47-EE0B-4E3E-BD8F-916A4BF5885D}.Debug|Any CPU.ActiveCfg = Debug|Any CPU
		{FDC3FE47-EE0B-4E3E-BD8F-916A4BF5885D}.Debug|Any CPU.Build.0 = Debug|Any CPU
		{FDC3FE47-EE0B-4E3E-BD8F-916A4BF5885D}.Release|Any CPU.ActiveCfg = Release|Any CPU
		{FDC3FE47-EE0B-4E3E-BD8F-916A4BF5885D}.Release|Any CPU.Build.0 = Release|Any CPU
		{5153797B-EAB1-44A7-B64C-B6270D5A6D9C}.Debug|Any CPU.ActiveCfg = Debug|Any CPU
		{5153797B-EAB1-44A7-B64C-B6270D5A6D9C}.Debug|Any CPU.Build.0 = Debug|Any CPU
		{5153797B-EAB1-44A7-B64C-B6270D5A6D9C}.Release|Any CPU.ActiveCfg = Release|Any CPU
		{5153797B-EAB1-44A7-B64C-B6270D5A6D9C}.Release|Any CPU.Build.0 = Release|Any CPU
	EndGlobalSection
	GlobalSection(SolutionProperties) = preSolution
		HideSolutionNode = FALSE
	EndGlobalSection
	GlobalSection(ExtensibilityGlobals) = postSolution
		SolutionGuid = {62F13036-EF7E-4D1C-8203-3C9C6F23F1DB}
	EndGlobalSection
EndGlobal
